
Microsoft Visual Studio Solution File, Format Version 12.00
# Visual Studio Version 17
VisualStudioVersion = 17.9.34728.123
MinimumVisualStudioVersion = 10.0.40219.1
Project("{9A19103F-16F7-4668-BE54-9A1E7A4F7556}") = "PreguntasActores", "PreguntasActores\PreguntasActores.csproj", "{6C9E564D-D6EF-4E66-A0FE-A763085BACC6}"
EndProject
Project("{9A19103F-16F7-4668-BE54-9A1E7A4F7556}") = "Entities", "Entities\Entities.csproj", "{65557DC3-2387-42F1-929C-F092F407E5F0}"
EndProject
Project("{9A19103F-16F7-4668-BE54-9A1E7A4F7556}") = "DAL", "DAL\DAL.csproj", "{A9C7D1B7-9355-4A60-8F11-835580EA24B0}"
EndProject
Global
	GlobalSection(SolutionConfigurationPlatforms) = preSolution
		Debug|Any CPU = Debug|Any CPU
		Release|Any CPU = Release|Any CPU
	EndGlobalSection
	GlobalSection(ProjectConfigurationPlatforms) = postSolution
		{6C9E564D-D6EF-4E66-A0FE-A763085BACC6}.Debug|Any CPU.ActiveCfg = Debug|Any CPU
		{6C9E564D-D6EF-4E66-A0FE-A763085BACC6}.Debug|Any CPU.Build.0 = Debug|Any CPU
		{6C9E564D-D6EF-4E66-A0FE-A763085BACC6}.Debug|Any CPU.Deploy.0 = Debug|Any CPU
		{6C9E564D-D6EF-4E66-A0FE-A763085BACC6}.Release|Any CPU.ActiveCfg = Release|Any CPU
		{6C9E564D-D6EF-4E66-A0FE-A763085BACC6}.Release|Any CPU.Build.0 = Release|Any CPU
		{6C9E564D-D6EF-4E66-A0FE-A763085BACC6}.Release|Any CPU.Deploy.0 = Release|Any CPU
		{65557DC3-2387-42F1-929C-F092F407E5F0}.Debug|Any CPU.ActiveCfg = Debug|Any CPU
		{65557DC3-2387-42F1-929C-F092F407E5F0}.Debug|Any CPU.Build.0 = Debug|Any CPU
		{65557DC3-2387-42F1-929C-F092F407E5F0}.Release|Any CPU.ActiveCfg = Release|Any CPU
		{65557DC3-2387-42F1-929C-F092F407E5F0}.Release|Any CPU.Build.0 = Release|Any CPU
		{A9C7D1B7-9355-4A60-8F11-835580EA24B0}.Debug|Any CPU.ActiveCfg = Debug|Any CPU
		{A9C7D1B7-9355-4A60-8F11-835580EA24B0}.Debug|Any CPU.Build.0 = Debug|Any CPU
		{A9C7D1B7-9355-4A60-8F11-835580EA24B0}.Release|Any CPU.ActiveCfg = Release|Any CPU
		{A9C7D1B7-9355-4A60-8F11-835580EA24B0}.Release|Any CPU.Build.0 = Release|Any CPU
	EndGlobalSection
	GlobalSection(SolutionProperties) = preSolution
		HideSolutionNode = FALSE
	EndGlobalSection
	GlobalSection(ExtensibilityGlobals) = postSolution
		SolutionGuid = {425AB6F4-DFFA-4AC3-AB26-AF6996F44CCB}
	EndGlobalSection
EndGlobal
